
Microsoft Visual Studio Solution File, Format Version 12.00
# Visual Studio Version 16
VisualStudioVersion = 16.0.29926.136
MinimumVisualStudioVersion = 10.0.40219.1
Project("{9A19103F-16F7-4668-BE54-9A1E7A4F7556}") = "thegioitruyenx.com", "thegioitruyenx.com\thegioitruyenx.com.csproj", "{5B8B101D-B169-4205-A751-8A3D628D7FC9}"
EndProject
Project("{FAE04EC0-301F-11D3-BF4B-00C04F79EFBC}") = "thegioitruyenx.data", "thegioitruyenx.data\thegioitruyenx.data.csproj", "{CBA85BFE-E899-4CD0-A0DB-CC04B953C656}"
EndProject
Project("{FAE04EC0-301F-11D3-BF4B-00C04F79EFBC}") = "thegioitruyenx.application", "thegioitruyenx.application\thegioitruyenx.application.csproj", "{123A1749-B3AB-4C00-B12B-D00DC1F06D28}"
EndProject
Global
	GlobalSection(SolutionConfigurationPlatforms) = preSolution
		Debug|Any CPU = Debug|Any CPU
		Release|Any CPU = Release|Any CPU
	EndGlobalSection
	GlobalSection(ProjectConfigurationPlatforms) = postSolution
		{5B8B101D-B169-4205-A751-8A3D628D7FC9}.Debug|Any CPU.ActiveCfg = Debug|Any CPU
		{5B8B101D-B169-4205-A751-8A3D628D7FC9}.Debug|Any CPU.Build.0 = Debug|Any CPU
		{5B8B101D-B169-4205-A751-8A3D628D7FC9}.Release|Any CPU.ActiveCfg = Release|Any CPU
		{5B8B101D-B169-4205-A751-8A3D628D7FC9}.Release|Any CPU.Build.0 = Release|Any CPU
		{CBA85BFE-E899-4CD0-A0DB-CC04B953C656}.Debug|Any CPU.ActiveCfg = Debug|Any CPU
		{CBA85BFE-E899-4CD0-A0DB-CC04B953C656}.Debug|Any CPU.Build.0 = Debug|Any CPU
		{CBA85BFE-E899-4CD0-A0DB-CC04B953C656}.Release|Any CPU.ActiveCfg = Release|Any CPU
		{CBA85BFE-E899-4CD0-A0DB-CC04B953C656}.Release|Any CPU.Build.0 = Release|Any CPU
		{123A1749-B3AB-4C00-B12B-D00DC1F06D28}.Debug|Any CPU.ActiveCfg = Debug|Any CPU
		{123A1749-B3AB-4C00-B12B-D00DC1F06D28}.Debug|Any CPU.Build.0 = Debug|Any CPU
		{123A1749-B3AB-4C00-B12B-D00DC1F06D28}.Release|Any CPU.ActiveCfg = Release|Any CPU
		{123A1749-B3AB-4C00-B12B-D00DC1F06D28}.Release|Any CPU.Build.0 = Release|Any CPU
	EndGlobalSection
	GlobalSection(SolutionProperties) = preSolution
		HideSolutionNode = FALSE
	EndGlobalSection
	GlobalSection(ExtensibilityGlobals) = postSolution
		SolutionGuid = {F898D8B5-E5EB-4440-96AA-7FAFEEB4C6D5}
	EndGlobalSection
EndGlobal
